
Microsoft Visual Studio Solution File, Format Version 12.00
# Visual Studio Version 17
VisualStudioVersion = 17.0.32112.339
MinimumVisualStudioVersion = 10.0.40219.1
Project("{FAE04EC0-301F-11D3-BF4B-00C04F79EFBC}") = "IFRnet", "IFRnet.csproj", "{C007C168-4BF6-49FE-8D50-760033B61C07}"
EndProject
Global
	GlobalSection(SolutionConfigurationPlatforms) = preSolution
		Debug|Any CPU = Debug|Any CPU
		Release|Any CPU = Release|Any CPU
	EndGlobalSection
	GlobalSection(ProjectConfigurationPlatforms) = postSolution
		{C007C168-4BF6-49FE-8D50-760033B61C07}.Debug|Any CPU.ActiveCfg = Debug|Any CPU
		{C007C168-4BF6-49FE-8D50-760033B61C07}.Debug|Any CPU.Build.0 = Debug|Any CPU
		{C007C168-4BF6-49FE-8D50-760033B61C07}.Release|Any CPU.ActiveCfg = Release|Any CPU
		{C007C168-4BF6-49FE-8D50-760033B61C07}.Release|Any CPU.Build.0 = Release|Any CPU
	EndGlobalSection
	GlobalSection(SolutionProperties) = preSolution
		HideSolutionNode = FALSE
	EndGlobalSection
	GlobalSection(ExtensibilityGlobals) = postSolution
		SolutionGuid = {0FDE963B-26A2-4A6F-86B4-A1D8AD83A194}
	EndGlobalSection
EndGlobal
